
Microsoft Visual Studio Solution File, Format Version 12.00
# Visual Studio 2013
VisualStudioVersion = 12.0.31101.0
MinimumVisualStudioVersion = 10.0.40219.1
Project("{FAE04EC0-301F-11D3-BF4B-00C04F79EFBC}") = "DeviceSender", "DeviceSender\DeviceSender.csproj", "{6B6B5B22-F8B3-41DE-B44A-BF3272B8142E}"
EndProject
Project("{FAE04EC0-301F-11D3-BF4B-00C04F79EFBC}") = "MLTestHarness", "MLTestHarness\MLTestHarness.csproj", "{10703BD8-AE56-43BD-8EB4-8C67F5949925}"
EndProject
Global
	GlobalSection(SolutionConfigurationPlatforms) = preSolution
		Debug|Any CPU = Debug|Any CPU
		Release|Any CPU = Release|Any CPU
	EndGlobalSection
	GlobalSection(ProjectConfigurationPlatforms) = postSolution
		{6B6B5B22-F8B3-41DE-B44A-BF3272B8142E}.Debug|Any CPU.ActiveCfg = Debug|Any CPU
		{6B6B5B22-F8B3-41DE-B44A-BF3272B8142E}.Debug|Any CPU.Build.0 = Debug|Any CPU
		{6B6B5B22-F8B3-41DE-B44A-BF3272B8142E}.Release|Any CPU.ActiveCfg = Release|Any CPU
		{6B6B5B22-F8B3-41DE-B44A-BF3272B8142E}.Release|Any CPU.Build.0 = Release|Any CPU
		{10703BD8-AE56-43BD-8EB4-8C67F5949925}.Debug|Any CPU.ActiveCfg = Debug|Any CPU
		{10703BD8-AE56-43BD-8EB4-8C67F5949925}.Debug|Any CPU.Build.0 = Debug|Any CPU
		{10703BD8-AE56-43BD-8EB4-8C67F5949925}.Release|Any CPU.ActiveCfg = Release|Any CPU
		{10703BD8-AE56-43BD-8EB4-8C67F5949925}.Release|Any CPU.Build.0 = Release|Any CPU
	EndGlobalSection
	GlobalSection(SolutionProperties) = preSolution
		HideSolutionNode = FALSE
	EndGlobalSection
EndGlobal
