
Microsoft Visual Studio Solution File, Format Version 12.00
# Visual Studio 2013
VisualStudioVersion = 12.0.30723.0
MinimumVisualStudioVersion = 10.0.40219.1
Project("{CC5FD16D-436D-48AD-A40C-5A424C6E3E79}") = "iotlab-businessrules", "iotlab-businessrules\iotlab-businessrules.ccproj", "{AF33A54B-31B1-4E86-A7B1-930F6DD944C1}"
EndProject
Project("{FAE04EC0-301F-11D3-BF4B-00C04F79EFBC}") = "businessrules", "businessrules\businessrules.csproj", "{0FAE2578-DFD1-4A08-8506-74FE94739914}"
EndProject
Global
	GlobalSection(SolutionConfigurationPlatforms) = preSolution
		Debug|Any CPU = Debug|Any CPU
		Release|Any CPU = Release|Any CPU
	EndGlobalSection
	GlobalSection(ProjectConfigurationPlatforms) = postSolution
		{AF33A54B-31B1-4E86-A7B1-930F6DD944C1}.Debug|Any CPU.ActiveCfg = Debug|Any CPU
		{AF33A54B-31B1-4E86-A7B1-930F6DD944C1}.Debug|Any CPU.Build.0 = Debug|Any CPU
		{AF33A54B-31B1-4E86-A7B1-930F6DD944C1}.Release|Any CPU.ActiveCfg = Release|Any CPU
		{AF33A54B-31B1-4E86-A7B1-930F6DD944C1}.Release|Any CPU.Build.0 = Release|Any CPU
		{0FAE2578-DFD1-4A08-8506-74FE94739914}.Debug|Any CPU.ActiveCfg = Debug|Any CPU
		{0FAE2578-DFD1-4A08-8506-74FE94739914}.Debug|Any CPU.Build.0 = Debug|Any CPU
		{0FAE2578-DFD1-4A08-8506-74FE94739914}.Release|Any CPU.ActiveCfg = Release|Any CPU
		{0FAE2578-DFD1-4A08-8506-74FE94739914}.Release|Any CPU.Build.0 = Release|Any CPU
	EndGlobalSection
	GlobalSection(SolutionProperties) = preSolution
		HideSolutionNode = FALSE
	EndGlobalSection
EndGlobal
